{
  "version": "3",
  "packages": {
    "specifiers": {
      "npm:@preact/signals@^1.3.0": "npm:@preact/signals@1.3.0_preact@10.24.1",
      "npm:preact@^10.23.2": "npm:preact@10.24.1"
    },
    "npm": {
      "@preact/signals-core@1.8.0": {
        "integrity": "sha512-OBvUsRZqNmjzCZXWLxkZfhcgT+Fk8DDcT/8vD6a1xhDemodyy87UJRJfASMuSD8FaAIeGgGm85ydXhm7lr4fyA==",
        "dependencies": {}
      },
      "@preact/signals@1.3.0_preact@10.24.1": {
        "integrity": "sha512-EOMeg42SlLS72dhoq6Vjq08havnLseWmPQ8A0YsgIAqMgWgx7V1a39+Pxo6i7SY5NwJtH4849JogFq3M67AzWg==",
        "dependencies": {
          "@preact/signals-core": "@preact/signals-core@1.8.0",
          "preact": "preact@10.24.1"
        }
      },
      "preact@10.24.1": {
        "integrity": "sha512-PnBAwFI3Yjxxcxw75n6VId/5TFxNW/81zexzWD9jn1+eSrOP84NdsS38H5IkF/UH3frqRPT+MvuCoVHjTDTnDw==",
        "dependencies": {}
      }
    }
  },
  "remote": {}
}
