{
  "name": "paracelsus",
  "lockfileVersion": 3,
  "requires": true,
  "packages": {
    "": {
      "dependencies": {
        "view-transitions-polyfill": "^1.0.3"
      }
    },
    "node_modules/view-transitions-polyfill": {
      "version": "1.0.3",
      "resolved": "https://registry.npmjs.org/view-transitions-polyfill/-/view-transitions-polyfill-1.0.3.tgz",
      "integrity": "sha512-o7tiNKAsuqvL0u4Epo/jrSOx7qy1/KH3ajzHsY0GU4zWIOiiC6Pyczyf6QgJneyFKlu8QdcMeCQocUl94R+fvA==",
      "license": "ISC"
    }
  }
}
